
Microsoft Visual Studio Solution File, Format Version 12.00
# Visual Studio 15
VisualStudioVersion = 15.0.27703.2018
MinimumVisualStudioVersion = 10.0.40219.1
Project("{FAE04EC0-301F-11D3-BF4B-00C04F79EFBC}") = "Mysoft.JenkinsNET", "Mysoft.JenkinsNET\Mysoft.JenkinsNET.csproj", "{045E25CE-EA6E-4EE6-AE05-344421DABC83}"
EndProject
Global
	GlobalSection(SolutionConfigurationPlatforms) = preSolution
		Debug|Any CPU = Debug|Any CPU
		Release|Any CPU = Release|Any CPU
	EndGlobalSection
	GlobalSection(ProjectConfigurationPlatforms) = postSolution
		{045E25CE-EA6E-4EE6-AE05-344421DABC83}.Debug|Any CPU.ActiveCfg = Debug|Any CPU
		{045E25CE-EA6E-4EE6-AE05-344421DABC83}.Debug|Any CPU.Build.0 = Debug|Any CPU
		{045E25CE-EA6E-4EE6-AE05-344421DABC83}.Release|Any CPU.ActiveCfg = Release|Any CPU
		{045E25CE-EA6E-4EE6-AE05-344421DABC83}.Release|Any CPU.Build.0 = Release|Any CPU
	EndGlobalSection
	GlobalSection(SolutionProperties) = preSolution
		HideSolutionNode = FALSE
	EndGlobalSection
	GlobalSection(ExtensibilityGlobals) = postSolution
		SolutionGuid = {F679F48D-D71A-4C5A-A539-A8A108D57621}
	EndGlobalSection
EndGlobal
